Microsoft Visual Studio Solution File, Format Version 12.00
# Visual Studio Version 17
VisualStudioVersion = 17.0.31903.59
MinimumVisualStudioVersion = 10.0.40219.1
Project("{FAE04EC0-301F-11D3-BF4B-00C04F79EFBC}") = "IdentityService.Api", "IdentityService.Api\IdentityService.Api.csproj", "{A3C7EA94-92E3-4BA8-8B8D-0749D5A9F0E7}"
EndProject
Project("{FAE04EC0-301F-11D3-BF4B-00C04F79EFBC}") = "IdentityService.Application", "IdentityService.Application\IdentityService.Application.csproj", "{CC6854B1-120A-4B8D-97D0-7A0A8EAB473D}"
EndProject
Project("{FAE04EC0-301F-11D3-BF4B-00C04F79EFBC}") = "IdentityService.Contracts", "IdentityService.Contracts\IdentityService.Contracts.csproj", "{C4A0A087-2BEF-4B9E-BD13-6A7C56D9CC3C}"
EndProject
Project("{FAE04EC0-301F-11D3-BF4B-00C04F79EFBC}") = "IdentityService.Domain", "IdentityService.Domain\IdentityService.Domain.csproj", "{A0C5E9BA-F28C-4B55-A9B4-9DCD9A04039C}"
EndProject
Project("{FAE04EC0-301F-11D3-BF4B-00C04F79EFBC}") = "IdentityService.Infrastructure", "IdentityService.Infrastructure\IdentityService.Infrastructure.csproj", "{03FB59DF-41D1-44ED-81D7-C0505B580E96}"
EndProject
Project("{FAE04EC0-301F-11D3-BF4B-00C04F79EFBC}") = "IdentityService.Shared", "IdentityService.Shared\IdentityService.Shared.csproj", "{5F6D8E2B-0EDE-4E4C-8D0F-F2F0FB632E3B}"
EndProject
Project("{FAE04EC0-301F-11D3-BF4B-00C04F79EFBC}") = "IdentityService.Tests", "IdentityService.Tests\IdentityService.Tests.csproj", "{F323256D-C3F5-4FE4-B08F-3BE2C28D9948}"
EndProject
Global
	GlobalSection(SolutionConfigurationPlatforms) = preSolution
		Debug|Any CPU = Debug|Any CPU
		Release|Any CPU = Release|Any CPU
	EndGlobalSection
	GlobalSection(ProjectConfigurationPlatforms) = postSolution
		{A3C7EA94-92E3-4BA8-8B8D-0749D5A9F0E7}.Debug|Any CPU.ActiveCfg = Debug|Any CPU
		{A3C7EA94-92E3-4BA8-8B8D-0749D5A9F0E7}.Debug|Any CPU.Build.0 = Debug|Any CPU
		{A3C7EA94-92E3-4BA8-8B8D-0749D5A9F0E7}.Release|Any CPU.ActiveCfg = Release|Any CPU
		{A3C7EA94-92E3-4BA8-8B8D-0749D5A9F0E7}.Release|Any CPU.Build.0 = Release|Any CPU
		{CC6854B1-120A-4B8D-97D0-7A0A8EAB473D}.Debug|Any CPU.ActiveCfg = Debug|Any CPU
		{CC6854B1-120A-4B8D-97D0-7A0A8EAB473D}.Debug|Any CPU.Build.0 = Debug|Any CPU
		{CC6854B1-120A-4B8D-97D0-7A0A8EAB473D}.Release|Any CPU.ActiveCfg = Release|Any CPU
		{CC6854B1-120A-4B8D-97D0-7A0A8EAB473D}.Release|Any CPU.Build.0 = Release|Any CPU
		{C4A0A087-2BEF-4B9E-BD13-6A7C56D9CC3C}.Debug|Any CPU.ActiveCfg = Debug|Any CPU
		{C4A0A087-2BEF-4B9E-BD13-6A7C56D9CC3C}.Debug|Any CPU.Build.0 = Debug|Any CPU
		{C4A0A087-2BEF-4B9E-BD13-6A7C56D9CC3C}.Release|Any CPU.ActiveCfg = Release|Any CPU
		{C4A0A087-2BEF-4B9E-BD13-6A7C56D9CC3C}.Release|Any CPU.Build.0 = Release|Any CPU
		{A0C5E9BA-F28C-4B55-A9B4-9DCD9A04039C}.Debug|Any CPU.ActiveCfg = Debug|Any CPU
		{A0C5E9BA-F28C-4B55-A9B4-9DCD9A04039C}.Debug|Any CPU.Build.0 = Debug|Any CPU
		{A0C5E9BA-F28C-4B55-A9B4-9DCD9A04039C}.Release|Any CPU.ActiveCfg = Release|Any CPU
		{A0C5E9BA-F28C-4B55-A9B4-9DCD9A04039C}.Release|Any CPU.Build.0 = Release|Any CPU
		{03FB59DF-41D1-44ED-81D7-C0505B580E96}.Debug|Any CPU.ActiveCfg = Debug|Any CPU
		{03FB59DF-41D1-44ED-81D7-C0505B580E96}.Debug|Any CPU.Build.0 = Debug|Any CPU
		{03FB59DF-41D1-44ED-81D7-C0505B580E96}.Release|Any CPU.ActiveCfg = Release|Any CPU
		{03FB59DF-41D1-44ED-81D7-C0505B580E96}.Release|Any CPU.Build.0 = Release|Any CPU
		{5F6D8E2B-0EDE-4E4C-8D0F-F2F0FB632E3B}.Debug|Any CPU.ActiveCfg = Debug|Any CPU
		{5F6D8E2B-0EDE-4E4C-8D0F-F2F0FB632E3B}.Debug|Any CPU.Build.0 = Debug|Any CPU
		{5F6D8E2B-0EDE-4E4C-8D0F-F2F0FB632E3B}.Release|Any CPU.ActiveCfg = Release|Any CPU
		{5F6D8E2B-0EDE-4E4C-8D0F-F2F0FB632E3B}.Release|Any CPU.Build.0 = Release|Any CPU
		{F323256D-C3F5-4FE4-B08F-3BE2C28D9948}.Debug|Any CPU.ActiveCfg = Debug|Any CPU
		{F323256D-C3F5-4FE4-B08F-3BE2C28D9948}.Debug|Any CPU.Build.0 = Debug|Any CPU
		{F323256D-C3F5-4FE4-B08F-3BE2C28D9948}.Release|Any CPU.ActiveCfg = Release|Any CPU
		{F323256D-C3F5-4FE4-B08F-3BE2C28D9948}.Release|Any CPU.Build.0 = Release|Any CPU
	EndGlobalSection
	GlobalSection(SolutionProperties) = preSolution
		HideSolutionNode = FALSE
	EndGlobalSection
EndGlobal
